
Microsoft Visual Studio Solution File, Format Version 12.00
# Visual Studio Version 17
VisualStudioVersion = 17.7.34024.191
MinimumVisualStudioVersion = 10.0.40219.1
Project("{9A19103F-16F7-4668-BE54-9A1E7A4F7556}") = "MauiDynamicUnderlineControls", "MauiDynamicUnderlineControls.csproj", "{9AC931F0-DA12-49D8-8CC3-EFF1131D1D12}"
EndProject
Global
	GlobalSection(SolutionConfigurationPlatforms) = preSolution
		Debug|Any CPU = Debug|Any CPU
		Release|Any CPU = Release|Any CPU
	EndGlobalSection
	GlobalSection(ProjectConfigurationPlatforms) = postSolution
		{9AC931F0-DA12-49D8-8CC3-EFF1131D1D12}.Debug|Any CPU.ActiveCfg = Debug|Any CPU
		{9AC931F0-DA12-49D8-8CC3-EFF1131D1D12}.Debug|Any CPU.Build.0 = Debug|Any CPU
		{9AC931F0-DA12-49D8-8CC3-EFF1131D1D12}.Release|Any CPU.ActiveCfg = Release|Any CPU
		{9AC931F0-DA12-49D8-8CC3-EFF1131D1D12}.Release|Any CPU.Build.0 = Release|Any CPU
	EndGlobalSection
	GlobalSection(SolutionProperties) = preSolution
		HideSolutionNode = FALSE
	EndGlobalSection
	GlobalSection(ExtensibilityGlobals) = postSolution
		SolutionGuid = {7D8780F2-1FB0-428C-A908-BD32D742B2F8}
	EndGlobalSection
EndGlobal
